{
  "name": "ajs2",
  "version": "1.0.0",
  "lockfileVersion": 1,
  "requires": true,
  "dependencies": {
    "@mrfmrka/ajs": {
      "version": "1.0.0",
      "resolved": "https://npm.pkg.github.com/download/@mrfmrka/ajs/1.0.0/4980c00ea2c8ed068f00da57ac7c7fbf7e8b342ea6ce59200643550a29f778a3",
      "integrity": "sha512-cRKB83yk2jo5lYFgnQlSHLwB6n+MFLq9NNJV4+0VthbMjS1PZidheDxk2mcRHGCFg1L3BRzhPbIGPdYxueJLIw=="
    }
  }
}
